Microsoft Visual Studio Solution File, Format Version 12.00
# Visual Studio Version 17
VisualStudioVersion = 17.9.34728.123
MinimumVisualStudioVersion = 15.0
Project("{8BC9CEB8-8B4A-11D0-8D11-00A0C91BC942}") = "Oxide.Native", "src\Oxide.Native.vcxproj", "{721BED68-AEF2-41B1-B25E-1FFDFB10E9B8}"
EndProject
Global
	GlobalSection(SolutionConfigurationPlatforms) = preSolution
		Debug|Any CPU = Debug|Any CPU
		Debug|ARM = Debug|ARM
		Debug|ARM64 = Debug|ARM64
		Debug|x64 = Debug|x64
		Debug|x86 = Debug|x86
		Release|Any CPU = Release|Any CPU
		Release|ARM = Release|ARM
		Release|ARM64 = Release|ARM64
		Release|x64 = Release|x64
		Release|x86 = Release|x86
	EndGlobalSection
	GlobalSection(ProjectConfigurationPlatforms) = postSolution
		{4CE19B84-FC20-48C9-91FF-858F8E7734EB}.Debug|Any CPU.ActiveCfg = Debug|Any CPU
		{4CE19B84-FC20-48C9-91FF-858F8E7734EB}.Debug|Any CPU.Build.0 = Debug|Any CPU
		{4CE19B84-FC20-48C9-91FF-858F8E7734EB}.Debug|ARM.ActiveCfg = Debug|Any CPU
		{4CE19B84-FC20-48C9-91FF-858F8E7734EB}.Debug|ARM.Build.0 = Debug|Any CPU
		{4CE19B84-FC20-48C9-91FF-858F8E7734EB}.Debug|ARM64.ActiveCfg = Debug|Any CPU
		{4CE19B84-FC20-48C9-91FF-858F8E7734EB}.Debug|ARM64.Build.0 = Debug|Any CPU
		{4CE19B84-FC20-48C9-91FF-858F8E7734EB}.Debug|x64.ActiveCfg = Debug|Any CPU
		{4CE19B84-FC20-48C9-91FF-858F8E7734EB}.Debug|x64.Build.0 = Debug|Any CPU
		{4CE19B84-FC20-48C9-91FF-858F8E7734EB}.Debug|x86.ActiveCfg = Debug|Any CPU
		{4CE19B84-FC20-48C9-91FF-858F8E7734EB}.Debug|x86.Build.0 = Debug|Any CPU
		{4CE19B84-FC20-48C9-91FF-858F8E7734EB}.Release|Any CPU.ActiveCfg = Release|Any CPU
		{4CE19B84-FC20-48C9-91FF-858F8E7734EB}.Release|Any CPU.Build.0 = Release|Any CPU
		{4CE19B84-FC20-48C9-91FF-858F8E7734EB}.Release|ARM.ActiveCfg = Release|Any CPU
		{4CE19B84-FC20-48C9-91FF-858F8E7734EB}.Release|ARM.Build.0 = Release|Any CPU
		{4CE19B84-FC20-48C9-91FF-858F8E7734EB}.Release|ARM64.ActiveCfg = Release|Any CPU
		{4CE19B84-FC20-48C9-91FF-858F8E7734EB}.Release|ARM64.Build.0 = Release|Any CPU
		{4CE19B84-FC20-48C9-91FF-858F8E7734EB}.Release|x64.ActiveCfg = Release|Any CPU
		{4CE19B84-FC20-48C9-91FF-858F8E7734EB}.Release|x64.Build.0 = Release|Any CPU
		{4CE19B84-FC20-48C9-91FF-858F8E7734EB}.Release|x86.ActiveCfg = Release|Any CPU
		{4CE19B84-FC20-48C9-91FF-858F8E7734EB}.Release|x86.Build.0 = Release|Any CPU
		{A86E8C09-AA37-4C0A-9211-0635F75A1D0C}.Debug|Any CPU.ActiveCfg = Debug|Any CPU
		{A86E8C09-AA37-4C0A-9211-0635F75A1D0C}.Debug|Any CPU.Build.0 = Debug|Any CPU
		{A86E8C09-AA37-4C0A-9211-0635F75A1D0C}.Debug|ARM.ActiveCfg = Debug|Any CPU
		{A86E8C09-AA37-4C0A-9211-0635F75A1D0C}.Debug|ARM.Build.0 = Debug|Any CPU
		{A86E8C09-AA37-4C0A-9211-0635F75A1D0C}.Debug|ARM64.ActiveCfg = Debug|Any CPU
		{A86E8C09-AA37-4C0A-9211-0635F75A1D0C}.Debug|ARM64.Build.0 = Debug|Any CPU
		{A86E8C09-AA37-4C0A-9211-0635F75A1D0C}.Debug|x64.ActiveCfg = Debug|Any CPU
		{A86E8C09-AA37-4C0A-9211-0635F75A1D0C}.Debug|x64.Build.0 = Debug|Any CPU
		{A86E8C09-AA37-4C0A-9211-0635F75A1D0C}.Debug|x86.ActiveCfg = Debug|Any CPU
		{A86E8C09-AA37-4C0A-9211-0635F75A1D0C}.Debug|x86.Build.0 = Debug|Any CPU
		{A86E8C09-AA37-4C0A-9211-0635F75A1D0C}.Release|Any CPU.ActiveCfg = Release|Any CPU
		{A86E8C09-AA37-4C0A-9211-0635F75A1D0C}.Release|Any CPU.Build.0 = Release|Any CPU
		{A86E8C09-AA37-4C0A-9211-0635F75A1D0C}.Release|ARM.ActiveCfg = Release|Any CPU
		{A86E8C09-AA37-4C0A-9211-0635F75A1D0C}.Release|ARM.Build.0 = Release|Any CPU
		{A86E8C09-AA37-4C0A-9211-0635F75A1D0C}.Release|ARM64.ActiveCfg = Release|Any CPU
		{A86E8C09-AA37-4C0A-9211-0635F75A1D0C}.Release|ARM64.Build.0 = Release|Any CPU
		{A86E8C09-AA37-4C0A-9211-0635F75A1D0C}.Release|x64.ActiveCfg = Release|Any CPU
		{A86E8C09-AA37-4C0A-9211-0635F75A1D0C}.Release|x64.Build.0 = Release|Any CPU
		{A86E8C09-AA37-4C0A-9211-0635F75A1D0C}.Release|x86.ActiveCfg = Release|Any CPU
		{A86E8C09-AA37-4C0A-9211-0635F75A1D0C}.Release|x86.Build.0 = Release|Any CPU
		{7CA55319-0019-4B8D-9BF7-4BEDD2132243}.Debug|Any CPU.ActiveCfg = Debug|Any CPU
		{7CA55319-0019-4B8D-9BF7-4BEDD2132243}.Debug|Any CPU.Build.0 = Debug|Any CPU
		{7CA55319-0019-4B8D-9BF7-4BEDD2132243}.Debug|ARM.ActiveCfg = Debug|Any CPU
		{7CA55319-0019-4B8D-9BF7-4BEDD2132243}.Debug|ARM.Build.0 = Debug|Any CPU
		{7CA55319-0019-4B8D-9BF7-4BEDD2132243}.Debug|ARM64.ActiveCfg = Debug|Any CPU
		{7CA55319-0019-4B8D-9BF7-4BEDD2132243}.Debug|ARM64.Build.0 = Debug|Any CPU
		{7CA55319-0019-4B8D-9BF7-4BEDD2132243}.Debug|x64.ActiveCfg = Debug|Any CPU
		{7CA55319-0019-4B8D-9BF7-4BEDD2132243}.Debug|x64.Build.0 = Debug|Any CPU
		{7CA55319-0019-4B8D-9BF7-4BEDD2132243}.Debug|x86.ActiveCfg = Debug|Any CPU
		{7CA55319-0019-4B8D-9BF7-4BEDD2132243}.Debug|x86.Build.0 = Debug|Any CPU
		{7CA55319-0019-4B8D-9BF7-4BEDD2132243}.Release|Any CPU.ActiveCfg = Release|Any CPU
		{7CA55319-0019-4B8D-9BF7-4BEDD2132243}.Release|Any CPU.Build.0 = Release|Any CPU
		{7CA55319-0019-4B8D-9BF7-4BEDD2132243}.Release|ARM.ActiveCfg = Release|Any CPU
		{7CA55319-0019-4B8D-9BF7-4BEDD2132243}.Release|ARM.Build.0 = Release|Any CPU
		{7CA55319-0019-4B8D-9BF7-4BEDD2132243}.Release|ARM64.ActiveCfg = Release|Any CPU
		{7CA55319-0019-4B8D-9BF7-4BEDD2132243}.Release|ARM64.Build.0 = Release|Any CPU
		{7CA55319-0019-4B8D-9BF7-4BEDD2132243}.Release|x64.ActiveCfg = Release|Any CPU
		{7CA55319-0019-4B8D-9BF7-4BEDD2132243}.Release|x64.Build.0 = Release|Any CPU
		{7CA55319-0019-4B8D-9BF7-4BEDD2132243}.Release|x86.ActiveCfg = Release|Any CPU
		{7CA55319-0019-4B8D-9BF7-4BEDD2132243}.Release|x86.Build.0 = Release|Any CPU
		{F01D5E7E-3052-4405-96C6-5D95FC9EE7E5}.Debug|Any CPU.ActiveCfg = Debug|Any CPU
		{F01D5E7E-3052-4405-96C6-5D95FC9EE7E5}.Debug|Any CPU.Build.0 = Debug|Any CPU
		{F01D5E7E-3052-4405-96C6-5D95FC9EE7E5}.Debug|ARM.ActiveCfg = Debug|Any CPU
		{F01D5E7E-3052-4405-96C6-5D95FC9EE7E5}.Debug|ARM.Build.0 = Debug|Any CPU
		{F01D5E7E-3052-4405-96C6-5D95FC9EE7E5}.Debug|ARM64.ActiveCfg = Debug|Any CPU
		{F01D5E7E-3052-4405-96C6-5D95FC9EE7E5}.Debug|ARM64.Build.0 = Debug|Any CPU
		{F01D5E7E-3052-4405-96C6-5D95FC9EE7E5}.Debug|x64.ActiveCfg = Debug|Any CPU
		{F01D5E7E-3052-4405-96C6-5D95FC9EE7E5}.Debug|x64.Build.0 = Debug|Any CPU
		{F01D5E7E-3052-4405-96C6-5D95FC9EE7E5}.Debug|x86.ActiveCfg = Debug|Any CPU
		{F01D5E7E-3052-4405-96C6-5D95FC9EE7E5}.Debug|x86.Build.0 = Debug|Any CPU
		{F01D5E7E-3052-4405-96C6-5D95FC9EE7E5}.Release|Any CPU.ActiveCfg = Release|Any CPU
		{F01D5E7E-3052-4405-96C6-5D95FC9EE7E5}.Release|Any CPU.Build.0 = Release|Any CPU
		{F01D5E7E-3052-4405-96C6-5D95FC9EE7E5}.Release|ARM.ActiveCfg = Release|Any CPU
		{F01D5E7E-3052-4405-96C6-5D95FC9EE7E5}.Release|ARM.Build.0 = Release|Any CPU
		{F01D5E7E-3052-4405-96C6-5D95FC9EE7E5}.Release|ARM64.ActiveCfg = Release|Any CPU
		{F01D5E7E-3052-4405-96C6-5D95FC9EE7E5}.Release|ARM64.Build.0 = Release|Any CPU
		{F01D5E7E-3052-4405-96C6-5D95FC9EE7E5}.Release|x64.ActiveCfg = Release|Any CPU
		{F01D5E7E-3052-4405-96C6-5D95FC9EE7E5}.Release|x64.Build.0 = Release|Any CPU
		{F01D5E7E-3052-4405-96C6-5D95FC9EE7E5}.Release|x86.ActiveCfg = Release|Any CPU
		{F01D5E7E-3052-4405-96C6-5D95FC9EE7E5}.Release|x86.Build.0 = Release|Any CPU
		{8BABF481-790A-4E25-9A91-0DC6D6CED848}.Debug|Any CPU.ActiveCfg = Debug|Any CPU
		{8BABF481-790A-4E25-9A91-0DC6D6CED848}.Debug|Any CPU.Build.0 = Debug|Any CPU
		{8BABF481-790A-4E25-9A91-0DC6D6CED848}.Debug|ARM.ActiveCfg = Debug|Any CPU
		{8BABF481-790A-4E25-9A91-0DC6D6CED848}.Debug|ARM.Build.0 = Debug|Any CPU
		{8BABF481-790A-4E25-9A91-0DC6D6CED848}.Debug|ARM64.ActiveCfg = Debug|Any CPU
		{8BABF481-790A-4E25-9A91-0DC6D6CED848}.Debug|ARM64.Build.0 = Debug|Any CPU
		{8BABF481-790A-4E25-9A91-0DC6D6CED848}.Debug|x64.ActiveCfg = Debug|Any CPU
		{8BABF481-790A-4E25-9A91-0DC6D6CED848}.Debug|x64.Build.0 = Debug|Any CPU
		{8BABF481-790A-4E25-9A91-0DC6D6CED848}.Debug|x86.ActiveCfg = Debug|Any CPU
		{8BABF481-790A-4E25-9A91-0DC6D6CED848}.Debug|x86.Build.0 = Debug|Any CPU
		{8BABF481-790A-4E25-9A91-0DC6D6CED848}.Release|Any CPU.ActiveCfg = Release|Any CPU
		{8BABF481-790A-4E25-9A91-0DC6D6CED848}.Release|Any CPU.Build.0 = Release|Any CPU
		{8BABF481-790A-4E25-9A91-0DC6D6CED848}.Release|ARM.ActiveCfg = Release|Any CPU
		{8BABF481-790A-4E25-9A91-0DC6D6CED848}.Release|ARM.Build.0 = Release|Any CPU
		{8BABF481-790A-4E25-9A91-0DC6D6CED848}.Release|ARM64.ActiveCfg = Release|Any CPU
		{8BABF481-790A-4E25-9A91-0DC6D6CED848}.Release|ARM64.Build.0 = Release|Any CPU
		{8BABF481-790A-4E25-9A91-0DC6D6CED848}.Release|x64.ActiveCfg = Release|Any CPU
		{8BABF481-790A-4E25-9A91-0DC6D6CED848}.Release|x64.Build.0 = Release|Any CPU
		{8BABF481-790A-4E25-9A91-0DC6D6CED848}.Release|x86.ActiveCfg = Release|Any CPU
		{8BABF481-790A-4E25-9A91-0DC6D6CED848}.Release|x86.Build.0 = Release|Any CPU
		{53753E2E-7643-4749-A3FF-BCDAB9A7B466}.Debug|Any CPU.ActiveCfg = Debug|Any CPU
		{53753E2E-7643-4749-A3FF-BCDAB9A7B466}.Debug|Any CPU.Build.0 = Debug|Any CPU
		{53753E2E-7643-4749-A3FF-BCDAB9A7B466}.Debug|ARM.ActiveCfg = Debug|Any CPU
		{53753E2E-7643-4749-A3FF-BCDAB9A7B466}.Debug|ARM.Build.0 = Debug|Any CPU
		{53753E2E-7643-4749-A3FF-BCDAB9A7B466}.Debug|ARM64.ActiveCfg = Debug|Any CPU
		{53753E2E-7643-4749-A3FF-BCDAB9A7B466}.Debug|ARM64.Build.0 = Debug|Any CPU
		{53753E2E-7643-4749-A3FF-BCDAB9A7B466}.Debug|x64.ActiveCfg = Debug|Any CPU
		{53753E2E-7643-4749-A3FF-BCDAB9A7B466}.Debug|x64.Build.0 = Debug|Any CPU
		{53753E2E-7643-4749-A3FF-BCDAB9A7B466}.Debug|x86.ActiveCfg = Debug|Any CPU
		{53753E2E-7643-4749-A3FF-BCDAB9A7B466}.Debug|x86.Build.0 = Debug|Any CPU
		{53753E2E-7643-4749-A3FF-BCDAB9A7B466}.Release|Any CPU.ActiveCfg = Release|Any CPU
		{53753E2E-7643-4749-A3FF-BCDAB9A7B466}.Release|Any CPU.Build.0 = Release|Any CPU
		{53753E2E-7643-4749-A3FF-BCDAB9A7B466}.Release|ARM.ActiveCfg = Release|Any CPU
		{53753E2E-7643-4749-A3FF-BCDAB9A7B466}.Release|ARM.Build.0 = Release|Any CPU
		{53753E2E-7643-4749-A3FF-BCDAB9A7B466}.Release|ARM64.ActiveCfg = Release|Any CPU
		{53753E2E-7643-4749-A3FF-BCDAB9A7B466}.Release|ARM64.Build.0 = Release|Any CPU
		{53753E2E-7643-4749-A3FF-BCDAB9A7B466}.Release|x64.ActiveCfg = Release|Any CPU
		{53753E2E-7643-4749-A3FF-BCDAB9A7B466}.Release|x64.Build.0 = Release|Any CPU
		{53753E2E-7643-4749-A3FF-BCDAB9A7B466}.Release|x86.ActiveCfg = Release|Any CPU
		{53753E2E-7643-4749-A3FF-BCDAB9A7B466}.Release|x86.Build.0 = Release|Any CPU
		{198CC600-F5FC-4AFC-9D7C-E8BD62E3DCE5}.Debug|Any CPU.ActiveCfg = Debug|Any CPU
		{198CC600-F5FC-4AFC-9D7C-E8BD62E3DCE5}.Debug|Any CPU.Build.0 = Debug|Any CPU
		{198CC600-F5FC-4AFC-9D7C-E8BD62E3DCE5}.Debug|ARM.ActiveCfg = Debug|Any CPU
		{198CC600-F5FC-4AFC-9D7C-E8BD62E3DCE5}.Debug|ARM.Build.0 = Debug|Any CPU
		{198CC600-F5FC-4AFC-9D7C-E8BD62E3DCE5}.Debug|ARM64.ActiveCfg = Debug|Any CPU
		{198CC600-F5FC-4AFC-9D7C-E8BD62E3DCE5}.Debug|ARM64.Build.0 = Debug|Any CPU
		{198CC600-F5FC-4AFC-9D7C-E8BD62E3DCE5}.Debug|x64.ActiveCfg = Debug|Any CPU
		{198CC600-F5FC-4AFC-9D7C-E8BD62E3DCE5}.Debug|x64.Build.0 = Debug|Any CPU
		{198CC600-F5FC-4AFC-9D7C-E8BD62E3DCE5}.Debug|x86.ActiveCfg = Debug|Any CPU
		{198CC600-F5FC-4AFC-9D7C-E8BD62E3DCE5}.Debug|x86.Build.0 = Debug|Any CPU
		{198CC600-F5FC-4AFC-9D7C-E8BD62E3DCE5}.Release|Any CPU.ActiveCfg = Release|Any CPU
		{198CC600-F5FC-4AFC-9D7C-E8BD62E3DCE5}.Release|Any CPU.Build.0 = Release|Any CPU
		{198CC600-F5FC-4AFC-9D7C-E8BD62E3DCE5}.Release|ARM.ActiveCfg = Release|Any CPU
		{198CC600-F5FC-4AFC-9D7C-E8BD62E3DCE5}.Release|ARM.Build.0 = Release|Any CPU
		{198CC600-F5FC-4AFC-9D7C-E8BD62E3DCE5}.Release|ARM64.ActiveCfg = Release|Any CPU
		{198CC600-F5FC-4AFC-9D7C-E8BD62E3DCE5}.Release|ARM64.Build.0 = Release|Any CPU
		{198CC600-F5FC-4AFC-9D7C-E8BD62E3DCE5}.Release|x64.ActiveCfg = Release|Any CPU
		{198CC600-F5FC-4AFC-9D7C-E8BD62E3DCE5}.Release|x64.Build.0 = Release|Any CPU
		{198CC600-F5FC-4AFC-9D7C-E8BD62E3DCE5}.Release|x86.ActiveCfg = Release|Any CPU
		{198CC600-F5FC-4AFC-9D7C-E8BD62E3DCE5}.Release|x86.Build.0 = Release|Any CPU
		{9DB92C3A-EAC3-4748-9573-39D76491256A}.Debug|Any CPU.ActiveCfg = Debug|Any CPU
		{9DB92C3A-EAC3-4748-9573-39D76491256A}.Debug|Any CPU.Build.0 = Debug|Any CPU
		{9DB92C3A-EAC3-4748-9573-39D76491256A}.Debug|ARM.ActiveCfg = Debug|Any CPU
		{9DB92C3A-EAC3-4748-9573-39D76491256A}.Debug|ARM.Build.0 = Debug|Any CPU
		{9DB92C3A-EAC3-4748-9573-39D76491256A}.Debug|ARM64.ActiveCfg = Debug|Any CPU
		{9DB92C3A-EAC3-4748-9573-39D76491256A}.Debug|ARM64.Build.0 = Debug|Any CPU
		{9DB92C3A-EAC3-4748-9573-39D76491256A}.Debug|x64.ActiveCfg = Debug|Any CPU
		{9DB92C3A-EAC3-4748-9573-39D76491256A}.Debug|x64.Build.0 = Debug|Any CPU
		{9DB92C3A-EAC3-4748-9573-39D76491256A}.Debug|x86.ActiveCfg = Debug|Any CPU
		{9DB92C3A-EAC3-4748-9573-39D76491256A}.Debug|x86.Build.0 = Debug|Any CPU
		{9DB92C3A-EAC3-4748-9573-39D76491256A}.Release|Any CPU.ActiveCfg = Release|Any CPU
		{9DB92C3A-EAC3-4748-9573-39D76491256A}.Release|Any CPU.Build.0 = Release|Any CPU
		{9DB92C3A-EAC3-4748-9573-39D76491256A}.Release|ARM.ActiveCfg = Release|Any CPU
		{9DB92C3A-EAC3-4748-9573-39D76491256A}.Release|ARM.Build.0 = Release|Any CPU
		{9DB92C3A-EAC3-4748-9573-39D76491256A}.Release|ARM64.ActiveCfg = Release|Any CPU
		{9DB92C3A-EAC3-4748-9573-39D76491256A}.Release|ARM64.Build.0 = Release|Any CPU
		{9DB92C3A-EAC3-4748-9573-39D76491256A}.Release|x64.ActiveCfg = Release|Any CPU
		{9DB92C3A-EAC3-4748-9573-39D76491256A}.Release|x64.Build.0 = Release|Any CPU
		{9DB92C3A-EAC3-4748-9573-39D76491256A}.Release|x86.ActiveCfg = Release|Any CPU
		{9DB92C3A-EAC3-4748-9573-39D76491256A}.Release|x86.Build.0 = Release|Any CPU
		{426F8378-C834-4B64-9995-7033C2674234}.Debug|Any CPU.ActiveCfg = Debug|Any CPU
		{426F8378-C834-4B64-9995-7033C2674234}.Debug|Any CPU.Build.0 = Debug|Any CPU
		{426F8378-C834-4B64-9995-7033C2674234}.Debug|ARM.ActiveCfg = Debug|Any CPU
		{426F8378-C834-4B64-9995-7033C2674234}.Debug|ARM.Build.0 = Debug|Any CPU
		{426F8378-C834-4B64-9995-7033C2674234}.Debug|ARM64.ActiveCfg = Debug|Any CPU
		{426F8378-C834-4B64-9995-7033C2674234}.Debug|ARM64.Build.0 = Debug|Any CPU
		{426F8378-C834-4B64-9995-7033C2674234}.Debug|x64.ActiveCfg = Debug|Any CPU
		{426F8378-C834-4B64-9995-7033C2674234}.Debug|x64.Build.0 = Debug|Any CPU
		{426F8378-C834-4B64-9995-7033C2674234}.Debug|x86.ActiveCfg = Debug|Any CPU
		{426F8378-C834-4B64-9995-7033C2674234}.Debug|x86.Build.0 = Debug|Any CPU
		{426F8378-C834-4B64-9995-7033C2674234}.Release|Any CPU.ActiveCfg = Release|Any CPU
		{426F8378-C834-4B64-9995-7033C2674234}.Release|Any CPU.Build.0 = Release|Any CPU
		{426F8378-C834-4B64-9995-7033C2674234}.Release|ARM.ActiveCfg = Release|Any CPU
		{426F8378-C834-4B64-9995-7033C2674234}.Release|ARM.Build.0 = Release|Any CPU
		{426F8378-C834-4B64-9995-7033C2674234}.Release|ARM64.ActiveCfg = Release|Any CPU
		{426F8378-C834-4B64-9995-7033C2674234}.Release|ARM64.Build.0 = Release|Any CPU
		{426F8378-C834-4B64-9995-7033C2674234}.Release|x64.ActiveCfg = Release|Any CPU
		{426F8378-C834-4B64-9995-7033C2674234}.Release|x64.Build.0 = Release|Any CPU
		{426F8378-C834-4B64-9995-7033C2674234}.Release|x86.ActiveCfg = Release|Any CPU
		{426F8378-C834-4B64-9995-7033C2674234}.Release|x86.Build.0 = Release|Any CPU
		{721BED68-AEF2-41B1-B25E-1FFDFB10E9B8}.Debug|Any CPU.ActiveCfg = Debug|x64
		{721BED68-AEF2-41B1-B25E-1FFDFB10E9B8}.Debug|Any CPU.Build.0 = Debug|x64
		{721BED68-AEF2-41B1-B25E-1FFDFB10E9B8}.Debug|ARM.ActiveCfg = Debug|x64
		{721BED68-AEF2-41B1-B25E-1FFDFB10E9B8}.Debug|ARM.Build.0 = Debug|x64
		{721BED68-AEF2-41B1-B25E-1FFDFB10E9B8}.Debug|ARM64.ActiveCfg = Debug|x64
		{721BED68-AEF2-41B1-B25E-1FFDFB10E9B8}.Debug|ARM64.Build.0 = Debug|x64
		{721BED68-AEF2-41B1-B25E-1FFDFB10E9B8}.Debug|x64.ActiveCfg = Debug|x64
		{721BED68-AEF2-41B1-B25E-1FFDFB10E9B8}.Debug|x64.Build.0 = Debug|x64
		{721BED68-AEF2-41B1-B25E-1FFDFB10E9B8}.Debug|x86.ActiveCfg = Debug|Win32
		{721BED68-AEF2-41B1-B25E-1FFDFB10E9B8}.Debug|x86.Build.0 = Debug|Win32
		{721BED68-AEF2-41B1-B25E-1FFDFB10E9B8}.Release|Any CPU.ActiveCfg = Release|x64
		{721BED68-AEF2-41B1-B25E-1FFDFB10E9B8}.Release|Any CPU.Build.0 = Release|x64
		{721BED68-AEF2-41B1-B25E-1FFDFB10E9B8}.Release|ARM.ActiveCfg = Release|x64
		{721BED68-AEF2-41B1-B25E-1FFDFB10E9B8}.Release|ARM.Build.0 = Release|x64
		{721BED68-AEF2-41B1-B25E-1FFDFB10E9B8}.Release|ARM64.ActiveCfg = Release|x64
		{721BED68-AEF2-41B1-B25E-1FFDFB10E9B8}.Release|ARM64.Build.0 = Release|x64
		{721BED68-AEF2-41B1-B25E-1FFDFB10E9B8}.Release|x64.ActiveCfg = Release|x64
		{721BED68-AEF2-41B1-B25E-1FFDFB10E9B8}.Release|x64.Build.0 = Release|x64
		{721BED68-AEF2-41B1-B25E-1FFDFB10E9B8}.Release|x86.ActiveCfg = Release|Win32
		{721BED68-AEF2-41B1-B25E-1FFDFB10E9B8}.Release|x86.Build.0 = Release|Win32
	EndGlobalSection
	GlobalSection(SolutionProperties) = preSolution
		HideSolutionNode = FALSE
	EndGlobalSection
	GlobalSection(ExtensibilityGlobals) = postSolution
		SolutionGuid = {F1DFAD5E-FE2D-4408-8B81-E53D669D3A78}
	EndGlobalSection
EndGlobal
